
Microsoft Visual Studio Solution File, Format Version 12.00
# Visual Studio Version 17
VisualStudioVersion = 17.3.32819.101
MinimumVisualStudioVersion = 10.0.40219.1
Project("{FAE04EC0-301F-11D3-BF4B-00C04F79EFBC}") = "Blood_management_sys", "Blood_management_sys.csproj", "{9487CD8E-760D-4A1A-8D1E-8CF421CB945C}"
EndProject
Global
	GlobalSection(SolutionConfigurationPlatforms) = preSolution
		Debug|Any CPU = Debug|Any CPU
		Release|Any CPU = Release|Any CPU
	EndGlobalSection
	GlobalSection(ProjectConfigurationPlatforms) = postSolution
		{9487CD8E-760D-4A1A-8D1E-8CF421CB945C}.Debug|Any CPU.ActiveCfg = Debug|Any CPU
		{9487CD8E-760D-4A1A-8D1E-8CF421CB945C}.Debug|Any CPU.Build.0 = Debug|Any CPU
		{9487CD8E-760D-4A1A-8D1E-8CF421CB945C}.Release|Any CPU.ActiveCfg = Release|Any CPU
		{9487CD8E-760D-4A1A-8D1E-8CF421CB945C}.Release|Any CPU.Build.0 = Release|Any CPU
	EndGlobalSection
	GlobalSection(SolutionProperties) = preSolution
		HideSolutionNode = FALSE
	EndGlobalSection
	GlobalSection(ExtensibilityGlobals) = postSolution
		SolutionGuid = {D772108F-846B-4E02-8E9E-47EBD8824597}
	EndGlobalSection
EndGlobal
